
Microsoft Visual Studio Solution File, Format Version 12.00
# Visual Studio Version 17
VisualStudioVersion = 17.6.33829.357
MinimumVisualStudioVersion = 10.0.40219.1
Project("{FAE04EC0-301F-11D3-BF4B-00C04F79EFBC}") = "PasswordValidator", "PasswordValidator\PasswordValidator.csproj", "{31466C3F-4D3B-477F-87D0-66948CE2110C}"
EndProject
Global
	GlobalSection(SolutionConfigurationPlatforms) = preSolution
		Debug|Any CPU = Debug|Any CPU
		Release|Any CPU = Release|Any CPU
	EndGlobalSection
	GlobalSection(ProjectConfigurationPlatforms) = postSolution
		{31466C3F-4D3B-477F-87D0-66948CE2110C}.Debug|Any CPU.ActiveCfg = Debug|Any CPU
		{31466C3F-4D3B-477F-87D0-66948CE2110C}.Debug|Any CPU.Build.0 = Debug|Any CPU
		{31466C3F-4D3B-477F-87D0-66948CE2110C}.Release|Any CPU.ActiveCfg = Release|Any CPU
		{31466C3F-4D3B-477F-87D0-66948CE2110C}.Release|Any CPU.Build.0 = Release|Any CPU
	EndGlobalSection
	GlobalSection(SolutionProperties) = preSolution
		HideSolutionNode = FALSE
	EndGlobalSection
	GlobalSection(ExtensibilityGlobals) = postSolution
		SolutionGuid = {68C5602D-A22F-4BCE-A15F-8DFEE2F39E52}
	EndGlobalSection
EndGlobal
